<?xml version="1.0" encoding="utf-8"?>
<Project ToolsVersion="17.0" xmlns="http://schemas.microsoft.com/developer/msbuild/2003">
  <ItemGroup>
    <ClCompile Include="D:\DEV\macdowsOS Widgets\macdowsOS Widget\macdowsOS Widget\build-vulkan\macdowsOSWidget_autogen\mocs_compilation_Debug.cpp">
      <Filter>Source Files</Filter>
    </ClCompile>
    <ClCompile Include="D:\DEV\macdowsOS Widgets\macdowsOS Widget\macdowsOS Widget\main.cpp">
      <Filter>Source Files</Filter>
    </ClCompile>
    <ClCompile Include="D:\DEV\macdowsOS Widgets\macdowsOS Widget\macdowsOS Widget\batterywidget.cpp">
      <Filter>Source Files</Filter>
    </ClCompile>
    <ClCompile Include="D:\DEV\macdowsOS Widgets\macdowsOS Widget\macdowsOS Widget\widgetlibrarydialog.cpp">
      <Filter>Source Files</Filter>
    </ClCompile>
    <ClCompile Include="D:\DEV\macdowsOS Widgets\macdowsOS Widget\macdowsOS Widget\liquidglasswidget.cpp">
      <Filter>Source Files</Filter>
    </ClCompile>
    <ClCompile Include="D:\DEV\macdowsOS Widgets\macdowsOS Widget\macdowsOS Widget\third_party\QtGlassFlow\src\qtglassflowscene.cpp">
      <Filter>Source Files</Filter>
    </ClCompile>
    <ClCompile Include="D:\DEV\macdowsOS Widgets\macdowsOS Widget\macdowsOS Widget\build-vulkan\macdowsOSWidget_autogen\Z4PRNMVJBO_Debug\qrc_shaders.cpp">
      <Filter>Source Files</Filter>
    </ClCompile>
    <ClCompile Include="D:\DEV\macdowsOS Widgets\macdowsOS Widget\macdowsOS Widget\build-vulkan\macdowsOSWidget_autogen\mocs_compilation_Release.cpp">
      <Filter>Source Files</Filter>
    </ClCompile>
    <ClCompile Include="D:\DEV\macdowsOS Widgets\macdowsOS Widget\macdowsOS Widget\build-vulkan\macdowsOSWidget_autogen\Z4PRNMVJBO_Release\qrc_shaders.cpp">
      <Filter>Source Files</Filter>
    </ClCompile>
    <ClCompile Include="D:\DEV\macdowsOS Widgets\macdowsOS Widget\macdowsOS Widget\build-vulkan\macdowsOSWidget_autogen\mocs_compilation_MinSizeRel.cpp">
      <Filter>Source Files</Filter>
    </ClCompile>
    <ClCompile Include="D:\DEV\macdowsOS Widgets\macdowsOS Widget\macdowsOS Widget\build-vulkan\macdowsOSWidget_autogen\Z4PRNMVJBO_MinSizeRel\qrc_shaders.cpp">
      <Filter>Source Files</Filter>
    </ClCompile>
    <ClCompile Include="D:\DEV\macdowsOS Widgets\macdowsOS Widget\macdowsOS Widget\build-vulkan\macdowsOSWidget_autogen\mocs_compilation_RelWithDebInfo.cpp">
      <Filter>Source Files</Filter>
    </ClCompile>
    <ClCompile Include="D:\DEV\macdowsOS Widgets\macdowsOS Widget\macdowsOS Widget\build-vulkan\macdowsOSWidget_autogen\Z4PRNMVJBO_RelWithDebInfo\qrc_shaders.cpp">
      <Filter>Source Files</Filter>
    </ClCompile>
  </ItemGroup>
  <ItemGroup>
    <ClInclude Include="D:\DEV\macdowsOS Widgets\macdowsOS Widget\macdowsOS Widget\batterywidget.h">
      <Filter>Header Files</Filter>
    </ClInclude>
    <ClInclude Include="D:\DEV\macdowsOS Widgets\macdowsOS Widget\macdowsOS Widget\widgetlibrarydialog.h">
      <Filter>Header Files</Filter>
    </ClInclude>
    <ClInclude Include="D:\DEV\macdowsOS Widgets\macdowsOS Widget\macdowsOS Widget\liquidglasswidget.h">
      <Filter>Header Files</Filter>
    </ClInclude>
    <ClInclude Include="D:\DEV\macdowsOS Widgets\macdowsOS Widget\macdowsOS Widget\third_party\QtGlassFlow\src\qtglassflowscene.h">
      <Filter>Header Files</Filter>
    </ClInclude>
  </ItemGroup>
  <ItemGroup>
    <CustomBuild Include="D:\DEV\macdowsOS Widgets\macdowsOS Widget\macdowsOS Widget\build-vulkan\CMakeFiles\fb01fbbe5dda785690e8221ee94491fc\qrc_shaders.cpp.rule">
      <Filter>CMake Rules</Filter>
    </CustomBuild>
    <CustomBuild Include="D:\DEV\macdowsOS Widgets\macdowsOS Widget\macdowsOS Widget\CMakeLists.txt" />
  </ItemGroup>
  <ItemGroup>
    <None Include="D:\DEV\macdowsOS Widgets\macdowsOS Widget\macdowsOS Widget\third_party\QtGlassFlow\src\shaders.qrc" />
  </ItemGroup>
  <ItemGroup>
    <Filter Include="CMake Rules">
      <UniqueIdentifier>{8E42DF22-165E-3957-9656-DCB7CF12D2DD}</UniqueIdentifier>
    </Filter>
    <Filter Include="Header Files">
      <UniqueIdentifier>{68C332F7-32AC-3BC9-8044-0B295BE2814B}</UniqueIdentifier>
    </Filter>
    <Filter Include="Source Files">
      <UniqueIdentifier>{44C5D157-84AF-3514-BF6C-4B51E83283C5}</UniqueIdentifier>
    </Filter>
  </ItemGroup>
</Project>
